
Microsoft Visual Studio Solution File, Format Version 12.00
# Visual Studio 15
VisualStudioVersion = 15.0.28010.2046
MinimumVisualStudioVersion = 10.0.40219.1
Project("{8BC9CEB8-8B4A-11D0-8D11-00A0C91BC942}") = "multiplos", "multiplos\multiplos.vcxproj", "{D3E98301-8A3C-456D-A30D-9D04D2B1FF7B}"
EndProject
Global
	GlobalSection(SolutionConfigurationPlatforms) = preSolution
		Debug|x64 = Debug|x64
		Debug|x86 = Debug|x86
		Release|x64 = Release|x64
		Release|x86 = Release|x86
	EndGlobalSection
	GlobalSection(ProjectConfigurationPlatforms) = postSolution
		{D3E98301-8A3C-456D-A30D-9D04D2B1FF7B}.Debug|x64.ActiveCfg = Debug|x64
		{D3E98301-8A3C-456D-A30D-9D04D2B1FF7B}.Debug|x64.Build.0 = Debug|x64
		{D3E98301-8A3C-456D-A30D-9D04D2B1FF7B}.Debug|x86.ActiveCfg = Debug|Win32
		{D3E98301-8A3C-456D-A30D-9D04D2B1FF7B}.Debug|x86.Build.0 = Debug|Win32
		{D3E98301-8A3C-456D-A30D-9D04D2B1FF7B}.Release|x64.ActiveCfg = Release|x64
		{D3E98301-8A3C-456D-A30D-9D04D2B1FF7B}.Release|x64.Build.0 = Release|x64
		{D3E98301-8A3C-456D-A30D-9D04D2B1FF7B}.Release|x86.ActiveCfg = Release|Win32
		{D3E98301-8A3C-456D-A30D-9D04D2B1FF7B}.Release|x86.Build.0 = Release|Win32
	EndGlobalSection
	GlobalSection(SolutionProperties) = preSolution
		HideSolutionNode = FALSE
	EndGlobalSection
	GlobalSection(ExtensibilityGlobals) = postSolution
		SolutionGuid = {E17A17F5-03C6-4C95-8E66-7331764FBCF7}
	EndGlobalSection
EndGlobal
