
Microsoft Visual Studio Solution File, Format Version 12.00
# Visual Studio 15
VisualStudioVersion = 15.0.27703.2000
MinimumVisualStudioVersion = 10.0.40219.1
Project("{8BC9CEB8-8B4A-11D0-8D11-00A0C91BC942}") = "P1", "P1\P1.vcxproj", "{07522D82-5FB7-4996-92A4-E9861F909317}"
EndProject
Global
	GlobalSection(SolutionConfigurationPlatforms) = preSolution
		Debug|x64 = Debug|x64
		Debug|x86 = Debug|x86
		Release|x64 = Release|x64
		Release|x86 = Release|x86
	EndGlobalSection
	GlobalSection(ProjectConfigurationPlatforms) = postSolution
		{07522D82-5FB7-4996-92A4-E9861F909317}.Debug|x64.ActiveCfg = Debug|x64
		{07522D82-5FB7-4996-92A4-E9861F909317}.Debug|x64.Build.0 = Debug|x64
		{07522D82-5FB7-4996-92A4-E9861F909317}.Debug|x86.ActiveCfg = Debug|Win32
		{07522D82-5FB7-4996-92A4-E9861F909317}.Debug|x86.Build.0 = Debug|Win32
		{07522D82-5FB7-4996-92A4-E9861F909317}.Release|x64.ActiveCfg = Release|x64
		{07522D82-5FB7-4996-92A4-E9861F909317}.Release|x64.Build.0 = Release|x64
		{07522D82-5FB7-4996-92A4-E9861F909317}.Release|x86.ActiveCfg = Release|Win32
		{07522D82-5FB7-4996-92A4-E9861F909317}.Release|x86.Build.0 = Release|Win32
	EndGlobalSection
	GlobalSection(SolutionProperties) = preSolution
		HideSolutionNode = FALSE
	EndGlobalSection
	GlobalSection(ExtensibilityGlobals) = postSolution
		SolutionGuid = {F0519DEE-9BE4-4E67-B45F-6E88129726C6}
	EndGlobalSection
EndGlobal
