
Microsoft Visual Studio Solution File, Format Version 12.00
# Visual Studio 15
VisualStudioVersion = 15.0.28307.106
MinimumVisualStudioVersion = 10.0.40219.1
Project("{8BC9CEB8-8B4A-11D0-8D11-00A0C91BC942}") = "quadrado", "quadrado\quadrado.vcxproj", "{04350C8A-EA2B-4E68-93CF-5FA8F88060BF}"
EndProject
Global
	GlobalSection(SolutionConfigurationPlatforms) = preSolution
		Debug|x64 = Debug|x64
		Debug|x86 = Debug|x86
		Release|x64 = Release|x64
		Release|x86 = Release|x86
	EndGlobalSection
	GlobalSection(ProjectConfigurationPlatforms) = postSolution
		{04350C8A-EA2B-4E68-93CF-5FA8F88060BF}.Debug|x64.ActiveCfg = Debug|x64
		{04350C8A-EA2B-4E68-93CF-5FA8F88060BF}.Debug|x64.Build.0 = Debug|x64
		{04350C8A-EA2B-4E68-93CF-5FA8F88060BF}.Debug|x86.ActiveCfg = Debug|Win32
		{04350C8A-EA2B-4E68-93CF-5FA8F88060BF}.Debug|x86.Build.0 = Debug|Win32
		{04350C8A-EA2B-4E68-93CF-5FA8F88060BF}.Release|x64.ActiveCfg = Release|x64
		{04350C8A-EA2B-4E68-93CF-5FA8F88060BF}.Release|x64.Build.0 = Release|x64
		{04350C8A-EA2B-4E68-93CF-5FA8F88060BF}.Release|x86.ActiveCfg = Release|Win32
		{04350C8A-EA2B-4E68-93CF-5FA8F88060BF}.Release|x86.Build.0 = Release|Win32
	EndGlobalSection
	GlobalSection(SolutionProperties) = preSolution
		HideSolutionNode = FALSE
	EndGlobalSection
	GlobalSection(ExtensibilityGlobals) = postSolution
		SolutionGuid = {1F8C836E-160D-4A43-8D72-76E2FABC9203}
	EndGlobalSection
EndGlobal
